// !$*UTF8*$!
{
	archiveVersion = 1;
	classes = {
	};
	objectVersion = 46;
	objects = {

/* Begin PBXBuildFile section */
		29273F4E1A2E44BF00FD8AA2 /* AppDelegate.m in Sources */ = {isa = PBXBuildFile; fileRef = 29273F4D1A2E44BF00FD8AA2 /* AppDelegate.m */; };
		29273F501A2E44BF00FD8AA2 /* main.m in Sources */ = {isa = PBXBuildFile; fileRef = 29273F4F1A2E44BF00FD8AA2 /* main.m */; };
		29273F521A2E44BF00FD8AA2 /* Images.xcassets in Resources */ = {isa = PBXBuildFile; fileRef = 29273F511A2E44BF00FD8AA2 /* Images.xcassets */; };
		29273F551A2E44BF00FD8AA2 /* MainMenu.xib in Resources */ = {isa = PBXBuildFile; fileRef = 29273F531A2E44BF00FD8AA2 /* MainMenu.xib */; };
/* End PBXBuildFile section */

/* Begin PBXContainerItemProxy section */
		29273F5B1A2E44BF00FD8AA2 /* PBXContainerItemProxy */ = {
			isa = PBXContainerItemProxy;
			containerPortal = 29273F3F1A2E44BF00FD8AA2 /* Project object */;
			proxyType = 1;
			remoteGlobalIDString = 29273F461A2E44BF00FD8AA2;
			remoteInfo = IguanaController;
		};
/* End PBXContainerItemProxy section */

/* Begin PBXFileReference section */
		29273F471A2E44BF00FD8AA2 /* IguanaX.app */ = {isa = PBXFileReference; explicitFileType = wrapper.application; includeInIndex = 0; path = IguanaX.app; sourceTree = BUILT_PRODUCTS_DIR; };
		29273F4B1A2E44BF00FD8AA2 /* Info.plist */ = {isa = PBXFileReference; lastKnownFileType = text.plist.xml; path = Info.plist; sourceTree = "<group>"; };
		29273F4C1A2E44BF00FD8AA2 /* AppDelegate.h */ = {isa = PBXFileReference; lastKnownFileType = sourcecode.c.h; path = AppDelegate.h; sourceTree = "<group>"; };
		29273F4D1A2E44BF00FD8AA2 /* AppDelegate.m */ = {isa = PBXFileReference; lastKnownFileType = sourcecode.c.objc; path = AppDelegate.m; sourceTree = "<group>"; };
		29273F4F1A2E44BF00FD8AA2 /* main.m */ = {isa = PBXFileReference; lastKnownFileType = sourcecode.c.objc; path = main.m; sourceTree = "<group>"; };
		29273F511A2E44BF00FD8AA2 /* Images.xcassets */ = {isa = PBXFileReference; lastKnownFileType = folder.assetcatalog; name = Images.xcassets; path = IguanaController/Images.xcassets; sourceTree = SOURCE_ROOT; };
		29273F541A2E44BF00FD8AA2 /* Base */ = {isa = PBXFileReference; lastKnownFileType = file.xib; name = Base; path = Base.lproj/MainMenu.xib; sourceTree = "<group>"; };
		29273F5A1A2E44BF00FD8AA2 /* IguanaXTests.xctest */ = {isa = PBXFileReference; explicitFileType = wrapper.cfbundle; includeInIndex = 0; path = IguanaXTests.xctest; sourceTree = BUILT_PRODUCTS_DIR; };
/* End PBXFileReference section */

/* Begin PBXFrameworksBuildPhase section */
		29273F441A2E44BF00FD8AA2 /* Frameworks */ = {
			isa = PBXFrameworksBuildPhase;
			buildActionMask = 2147483647;
			files = (
			);
			runOnlyForDeploymentPostprocessing = 0;
		};
		29273F571A2E44BF00FD8AA2 /* Frameworks */ = {
			isa = PBXFrameworksBuildPhase;
			buildActionMask = 2147483647;
			files = (
			);
			runOnlyForDeploymentPostprocessing = 0;
		};
/* End PBXFrameworksBuildPhase section */

/* Begin PBXGroup section */
		29273F3E1A2E44BF00FD8AA2 = {
			isa = PBXGroup;
			children = (
				29273F491A2E44BF00FD8AA2 /* IguanaX */,
				29273F481A2E44BF00FD8AA2 /* Products */,
			);
			sourceTree = "<group>";
		};
		29273F481A2E44BF00FD8AA2 /* Products */ = {
			isa = PBXGroup;
			children = (
				29273F471A2E44BF00FD8AA2 /* IguanaX.app */,
				29273F5A1A2E44BF00FD8AA2 /* IguanaXTests.xctest */,
			);
			name = Products;
			sourceTree = "<group>";
		};
		29273F491A2E44BF00FD8AA2 /* IguanaX */ = {
			isa = PBXGroup;
			children = (
				29273F4C1A2E44BF00FD8AA2 /* AppDelegate.h */,
				29273F4D1A2E44BF00FD8AA2 /* AppDelegate.m */,
				29273F511A2E44BF00FD8AA2 /* Images.xcassets */,
				29273F531A2E44BF00FD8AA2 /* MainMenu.xib */,
				29273F4A1A2E44BF00FD8AA2 /* Supporting Files */,
			);
			name = IguanaX;
			path = IguanaController;
			sourceTree = "<group>";
		};
		29273F4A1A2E44BF00FD8AA2 /* Supporting Files */ = {
			isa = PBXGroup;
			children = (
				29273F4B1A2E44BF00FD8AA2 /* Info.plist */,
				29273F4F1A2E44BF00FD8AA2 /* main.m */,
			);
			name = "Supporting Files";
			sourceTree = "<group>";
		};
/* End PBXGroup section */

/* Begin PBXNativeTarget section */
		29273F461A2E44BF00FD8AA2 /* IguanaX */ = {
			isa = PBXNativeTarget;
			buildConfigurationList = 29273F641A2E44BF00FD8AA2 /* Build configuration list for PBXNativeTarget "IguanaX" */;
			buildPhases = (
				29273F431A2E44BF00FD8AA2 /* Sources */,
				29273F441A2E44BF00FD8AA2 /* Frameworks */,
				29273F451A2E44BF00FD8AA2 /* Resources */,
			);
			buildRules = (
			);
			dependencies = (
			);
			name = IguanaX;
			productName = IguanaController;
			productReference = 29273F471A2E44BF00FD8AA2 /* IguanaX.app */;
			productType = "com.apple.product-type.application";
		};
		29273F591A2E44BF00FD8AA2 /* IguanaXTests */ = {
			isa = PBXNativeTarget;
			buildConfigurationList = 29273F671A2E44BF00FD8AA2 /* Build configuration list for PBXNativeTarget "IguanaXTests" */;
			buildPhases = (
				29273F561A2E44BF00FD8AA2 /* Sources */,
				29273F571A2E44BF00FD8AA2 /* Frameworks */,
				29273F581A2E44BF00FD8AA2 /* Resources */,
			);
			buildRules = (
			);
			dependencies = (
				29273F5C1A2E44BF00FD8AA2 /* PBXTargetDependency */,
			);
			name = IguanaXTests;
			productName = IguanaControllerTests;
			productReference = 29273F5A1A2E44BF00FD8AA2 /* IguanaXTests.xctest */;
			productType = "com.apple.product-type.bundle.unit-test";
		};
/* End PBXNativeTarget section */

/* Begin PBXProject section */
		29273F3F1A2E44BF00FD8AA2 /* Project object */ = {
			isa = PBXProject;
			attributes = {
				LastUpgradeCheck = 1240;
				ORGANIZATIONNAME = iNTERFACEWARE;
				TargetAttributes = {
					29273F461A2E44BF00FD8AA2 = {
						CreatedOnToolsVersion = 6.1;
					};
					29273F591A2E44BF00FD8AA2 = {
						CreatedOnToolsVersion = 6.1;
						TestTargetID = 29273F461A2E44BF00FD8AA2;
					};
				};
			};
			buildConfigurationList = 29273F421A2E44BF00FD8AA2 /* Build configuration list for PBXProject "IguanaX" */;
			compatibilityVersion = "Xcode 3.2";
			developmentRegion = en;
			hasScannedForEncodings = 0;
			knownRegions = (
				en,
				Base,
			);
			mainGroup = 29273F3E1A2E44BF00FD8AA2;
			productRefGroup = 29273F481A2E44BF00FD8AA2 /* Products */;
			projectDirPath = "";
			projectRoot = "";
			targets = (
				29273F461A2E44BF00FD8AA2 /* IguanaX */,
				29273F591A2E44BF00FD8AA2 /* IguanaXTests */,
			);
		};
/* End PBXProject section */

/* Begin PBXResourcesBuildPhase section */
		29273F451A2E44BF00FD8AA2 /* Resources */ = {
			isa = PBXResourcesBuildPhase;
			buildActionMask = 2147483647;
			files = (
				29273F521A2E44BF00FD8AA2 /* Images.xcassets in Resources */,
				29273F551A2E44BF00FD8AA2 /* MainMenu.xib in Resources */,
			);
			runOnlyForDeploymentPostprocessing = 0;
		};
		29273F581A2E44BF00FD8AA2 /* Resources */ = {
			isa = PBXResourcesBuildPhase;
			buildActionMask = 2147483647;
			files = (
			);
			runOnlyForDeploymentPostprocessing = 0;
		};
/* End PBXResourcesBuildPhase section */

/* Begin PBXSourcesBuildPhase section */
		29273F431A2E44BF00FD8AA2 /* Sources */ = {
			isa = PBXSourcesBuildPhase;
			buildActionMask = 2147483647;
			files = (
				29273F501A2E44BF00FD8AA2 /* main.m in Sources */,
				29273F4E1A2E44BF00FD8AA2 /* AppDelegate.m in Sources */,
			);
			runOnlyForDeploymentPostprocessing = 0;
		};
		29273F561A2E44BF00FD8AA2 /* Sources */ = {
			isa = PBXSourcesBuildPhase;
			buildActionMask = 2147483647;
			files = (
			);
			runOnlyForDeploymentPostprocessing = 0;
		};
/* End PBXSourcesBuildPhase section */

/* Begin PBXTargetDependency section */
		29273F5C1A2E44BF00FD8AA2 /* PBXTargetDependency */ = {
			isa = PBXTargetDependency;
			target = 29273F461A2E44BF00FD8AA2 /* IguanaX */;
			targetProxy = 29273F5B1A2E44BF00FD8AA2 /* PBXContainerItemProxy */;
		};
/* End PBXTargetDependency section */

/* Begin PBXVariantGroup section */
		29273F531A2E44BF00FD8AA2 /* MainMenu.xib */ = {
			isa = PBXVariantGroup;
			children = (
				29273F541A2E44BF00FD8AA2 /* Base */,
			);
			name = MainMenu.xib;
			sourceTree = "<group>";
		};
/* End PBXVariantGroup section */

/* Begin XCBuildConfiguration section */
		29273F621A2E44BF00FD8AA2 /* Debug */ = {
			isa = XCBuildConfiguration;
			buildSettings = {
				ALWAYS_SEARCH_USER_PATHS = NO;
				CLANG_CXX_LANGUAGE_STANDARD = "gnu++0x";
				CLANG_CXX_LIBRARY = "libc++";
				CLANG_ENABLE_MODULES = YES;
				CLANG_ENABLE_OBJC_ARC = YES;
				CLANG_WARN_BLOCK_CAPTURE_AUTORELEASING = YES;
				CLANG_WARN_BOOL_CONVERSION = YES;
				CLANG_WARN_COMMA = YES;
				CLANG_WARN_CONSTANT_CONVERSION = YES;
				CLANG_WARN_DEPRECATED_OBJC_IMPLEMENTATIONS = YES;
				CLANG_WARN_DIRECT_OBJC_ISA_USAGE = YES_ERROR;
				CLANG_WARN_EMPTY_BODY = YES;
				CLANG_WARN_ENUM_CONVERSION = YES;
				CLANG_WARN_INFINITE_RECURSION = YES;
				CLANG_WARN_INT_CONVERSION = YES;
				CLANG_WARN_NON_LITERAL_NULL_CONVERSION = YES;
				CLANG_WARN_OBJC_IMPLICIT_RETAIN_SELF = YES;
				CLANG_WARN_OBJC_LITERAL_CONVERSION = YES;
				CLANG_WARN_OBJC_ROOT_CLASS = YES_ERROR;
				CLANG_WARN_QUOTED_INCLUDE_IN_FRAMEWORK_HEADER = YES;
				CLANG_WARN_RANGE_LOOP_ANALYSIS = YES;
				CLANG_WARN_STRICT_PROTOTYPES = YES;
				CLANG_WARN_SUSPICIOUS_MOVE = YES;
				CLANG_WARN_UNREACHABLE_CODE = YES;
				CLANG_WARN__DUPLICATE_METHOD_MATCH = YES;
				CODE_SIGN_IDENTITY = "";
				COPY_PHASE_STRIP = NO;
				ENABLE_STRICT_OBJC_MSGSEND = YES;
				ENABLE_TESTABILITY = YES;
				GCC_C_LANGUAGE_STANDARD = gnu99;
				GCC_DYNAMIC_NO_PIC = NO;
				GCC_NO_COMMON_BLOCKS = YES;
				GCC_OPTIMIZATION_LEVEL = 0;
				GCC_PREPROCESSOR_DEFINITIONS = (
					"DEBUG=1",
					"$(inherited)",
				);
				GCC_SYMBOLS_PRIVATE_EXTERN = NO;
				GCC_WARN_64_TO_32_BIT_CONVERSION = YES;
				GCC_WARN_ABOUT_RETURN_TYPE = YES_ERROR;
				GCC_WARN_UNDECLARED_SELECTOR = YES;
				GCC_WARN_UNINITIALIZED_AUTOS = YES_AGGRESSIVE;
				GCC_WARN_UNUSED_FUNCTION = YES;
				GCC_WARN_UNUSED_VARIABLE = YES;
				MACOSX_DEPLOYMENT_TARGET = 10.14;
				MTL_ENABLE_DEBUG_INFO = YES;
				ONLY_ACTIVE_ARCH = YES;
				SDKROOT = macosx;
			};
			name = Debug;
		};
		29273F631A2E44BF00FD8AA2 /* Release */ = {
			isa = XCBuildConfiguration;
			buildSettings = {
				ALWAYS_SEARCH_USER_PATHS = NO;
				CLANG_CXX_LANGUAGE_STANDARD = "gnu++0x";
				CLANG_CXX_LIBRARY = "libc++";
				CLANG_ENABLE_MODULES = YES;
				CLANG_ENABLE_OBJC_ARC = YES;
				CLANG_WARN_BLOCK_CAPTURE_AUTORELEASING = YES;
				CLANG_WARN_BOOL_CONVERSION = YES;
				CLANG_WARN_COMMA = YES;
				CLANG_WARN_CONSTANT_CONVERSION = YES;
				CLANG_WARN_DEPRECATED_OBJC_IMPLEMENTATIONS = YES;
				CLANG_WARN_DIRECT_OBJC_ISA_USAGE = YES_ERROR;
				CLANG_WARN_EMPTY_BODY = YES;
				CLANG_WARN_ENUM_CONVERSION = YES;
				CLANG_WARN_INFINITE_RECURSION = YES;
				CLANG_WARN_INT_CONVERSION = YES;
				CLANG_WARN_NON_LITERAL_NULL_CONVERSION = YES;
				CLANG_WARN_OBJC_IMPLICIT_RETAIN_SELF = YES;
				CLANG_WARN_OBJC_LITERAL_CONVERSION = YES;
				CLANG_WARN_OBJC_ROOT_CLASS = YES_ERROR;
				CLANG_WARN_QUOTED_INCLUDE_IN_FRAMEWORK_HEADER = YES;
				CLANG_WARN_RANGE_LOOP_ANALYSIS = YES;
				CLANG_WARN_STRICT_PROTOTYPES = YES;
				CLANG_WARN_SUSPICIOUS_MOVE = YES;
				CLANG_WARN_UNREACHABLE_CODE = YES;
				CLANG_WARN__DUPLICATE_METHOD_MATCH = YES;
				CODE_SIGN_IDENTITY = "";
				COPY_PHASE_STRIP = YES;
				DEBUG_INFORMATION_FORMAT = "dwarf-with-dsym";
				ENABLE_NS_ASSERTIONS = NO;
				ENABLE_STRICT_OBJC_MSGSEND = YES;
				GCC_C_LANGUAGE_STANDARD = gnu99;
				GCC_NO_COMMON_BLOCKS = YES;
				GCC_WARN_64_TO_32_BIT_CONVERSION = YES;
				GCC_WARN_ABOUT_RETURN_TYPE = YES_ERROR;
				GCC_WARN_UNDECLARED_SELECTOR = YES;
				GCC_WARN_UNINITIALIZED_AUTOS = YES_AGGRESSIVE;
				GCC_WARN_UNUSED_FUNCTION = YES;
				GCC_WARN_UNUSED_VARIABLE = YES;
				MACOSX_DEPLOYMENT_TARGET = 10.14;
				MTL_ENABLE_DEBUG_INFO = NO;
				SDKROOT = macosx;
			};
			name = Release;
		};
		29273F651A2E44BF00FD8AA2 /* Debug */ = {
			isa = XCBuildConfiguration;
			buildSettings = {
				ASSETCATALOG_COMPILER_APPICON_NAME = AppIcon;
				CODE_SIGN_IDENTITY = "";
				COMBINE_HIDPI_IMAGES = YES;
				INFOPLIST_FILE = IguanaController/Info.plist;
				LD_RUNPATH_SEARCH_PATHS = "$(inherited) @executable_path/../Frameworks";
				MACOSX_DEPLOYMENT_TARGET = 10.14;
				PRODUCT_BUNDLE_IDENTIFIER = "com.interfaceware.$(PRODUCT_NAME:rfc1034identifier)";
				PRODUCT_NAME = IguanaX;
			};
			name = Debug;
		};
		29273F661A2E44BF00FD8AA2 /* Release */ = {
			isa = XCBuildConfiguration;
			buildSettings = {
				ASSETCATALOG_COMPILER_APPICON_NAME = AppIcon;
				CODE_SIGN_IDENTITY = "";
				COMBINE_HIDPI_IMAGES = YES;
				INFOPLIST_FILE = IguanaController/Info.plist;
				LD_RUNPATH_SEARCH_PATHS = "$(inherited) @executable_path/../Frameworks";
				MACOSX_DEPLOYMENT_TARGET = 10.14;
				PRODUCT_BUNDLE_IDENTIFIER = "com.interfaceware.$(PRODUCT_NAME:rfc1034identifier)";
				PRODUCT_NAME = IguanaX;
			};
			name = Release;
		};
		29273F681A2E44BF00FD8AA2 /* Debug */ = {
			isa = XCBuildConfiguration;
			buildSettings = {
				BUNDLE_LOADER = "$(TEST_HOST)";
				COMBINE_HIDPI_IMAGES = YES;
				FRAMEWORK_SEARCH_PATHS = (
					"$(DEVELOPER_FRAMEWORKS_DIR)",
					"$(inherited)",
				);
				GCC_PREPROCESSOR_DEFINITIONS = (
					"DEBUG=1",
					"$(inherited)",
				);
				INFOPLIST_FILE = IguanaControllerTests/Info.plist;
				LD_RUNPATH_SEARCH_PATHS = "$(inherited) @executable_path/../Frameworks @loader_path/../Frameworks";
				PRODUCT_NAME = IguanaXTests;
				TEST_HOST = "$(BUILT_PRODUCTS_DIR)/IguanaController.app/Contents/MacOS/IguanaController";
			};
			name = Debug;
		};
		29273F691A2E44BF00FD8AA2 /* Release */ = {
			isa = XCBuildConfiguration;
			buildSettings = {
				BUNDLE_LOADER = "$(TEST_HOST)";
				COMBINE_HIDPI_IMAGES = YES;
				FRAMEWORK_SEARCH_PATHS = (
					"$(DEVELOPER_FRAMEWORKS_DIR)",
					"$(inherited)",
				);
				INFOPLIST_FILE = IguanaControllerTests/Info.plist;
				LD_RUNPATH_SEARCH_PATHS = "$(inherited) @executable_path/../Frameworks @loader_path/../Frameworks";
				PRODUCT_NAME = IguanaXTests;
				TEST_HOST = "$(BUILT_PRODUCTS_DIR)/IguanaController.app/Contents/MacOS/IguanaController";
			};
			name = Release;
		};
/* End XCBuildConfiguration section */

/* Begin XCConfigurationList section */
		29273F421A2E44BF00FD8AA2 /* Build configuration list for PBXProject "IguanaX" */ = {
			isa = XCConfigurationList;
			buildConfigurations = (
				29273F621A2E44BF00FD8AA2 /* Debug */,
				29273F631A2E44BF00FD8AA2 /* Release */,
			);
			defaultConfigurationIsVisible = 0;
			defaultConfigurationName = Release;
		};
		29273F641A2E44BF00FD8AA2 /* Build configuration list for PBXNativeTarget "IguanaX" */ = {
			isa = XCConfigurationList;
			buildConfigurations = (
				29273F651A2E44BF00FD8AA2 /* Debug */,
				29273F661A2E44BF00FD8AA2 /* Release */,
			);
			defaultConfigurationIsVisible = 0;
			defaultConfigurationName = Release;
		};
		29273F671A2E44BF00FD8AA2 /* Build configuration list for PBXNativeTarget "IguanaXTests" */ = {
			isa = XCConfigurationList;
			buildConfigurations = (
				29273F681A2E44BF00FD8AA2 /* Debug */,
				29273F691A2E44BF00FD8AA2 /* Release */,
			);
			defaultConfigurationIsVisible = 0;
			defaultConfigurationName = Release;
		};
/* End XCConfigurationList section */
	};
	rootObject = 29273F3F1A2E44BF00FD8AA2 /* Project object */;
}
